
Microsoft Visual Studio Solution File, Format Version 12.00
# Visual Studio Version 16
VisualStudioVersion = 16.0.30204.135
MinimumVisualStudioVersion = 10.0.40219.1
Project("{F184B08F-C81C-45F6-A57F-5ABD9991F28F}") = "inno_vb", "inno_vb\inno_vb.vbproj", "{3DCADE57-B991-4EE8-AE39-E1D4D155565F}"
EndProject
Global
	GlobalSection(SolutionConfigurationPlatforms) = preSolution
		Debug|Any CPU = Debug|Any CPU
		Release|Any CPU = Release|Any CPU
	EndGlobalSection
	GlobalSection(ProjectConfigurationPlatforms) = postSolution
		{3DCADE57-B991-4EE8-AE39-E1D4D155565F}.Debug|Any CPU.ActiveCfg = Debug|Any CPU
		{3DCADE57-B991-4EE8-AE39-E1D4D155565F}.Debug|Any CPU.Build.0 = Debug|Any CPU
		{3DCADE57-B991-4EE8-AE39-E1D4D155565F}.Release|Any CPU.ActiveCfg = Release|Any CPU
		{3DCADE57-B991-4EE8-AE39-E1D4D155565F}.Release|Any CPU.Build.0 = Release|Any CPU
	EndGlobalSection
	GlobalSection(SolutionProperties) = preSolution
		HideSolutionNode = FALSE
	EndGlobalSection
	GlobalSection(ExtensibilityGlobals) = postSolution
		SolutionGuid = {D5DCBB5B-22E2-43CF-B1AE-F3B62F4BCA24}
	EndGlobalSection
EndGlobal
